
Microsoft Visual Studio Solution File, Format Version 12.00
# Visual Studio Version 16
VisualStudioVersion = 16.0.29001.49
MinimumVisualStudioVersion = 10.0.40219.1
Project("{9A19103F-16F7-4668-BE54-9A1E7A4F7556}") = "Client", "Client\Client.csproj", "{0A29EC4F-D237-4465-8421-31AC35C0162D}"
EndProject
Project("{9A19103F-16F7-4668-BE54-9A1E7A4F7556}") = "Server", "Server\Server.csproj", "{55C0AD98-6E7F-4CCC-9FBC-AE9E3EAB623A}"
EndProject
Project("{9A19103F-16F7-4668-BE54-9A1E7A4F7556}") = "TcpServer", "TcpServer\TcpServer.csproj", "{E7EDAD1A-7D17-48E4-8309-EB57F1DE2E2F}"
EndProject
Project("{9A19103F-16F7-4668-BE54-9A1E7A4F7556}") = "PacketFactory", "PacketFactory\PacketFactory.csproj", "{9EBA4144-44FA-4D73-9A59-5B4E06A4A3A2}"
EndProject
Project("{9A19103F-16F7-4668-BE54-9A1E7A4F7556}") = "ReedSolomon", "ReedSolomon\ReedSolomon.csproj", "{A421DF21-55C7-4339-9CF9-2F2444E4767C}"
EndProject
Global
	GlobalSection(SolutionConfigurationPlatforms) = preSolution
		Debug|Any CPU = Debug|Any CPU
		Release|Any CPU = Release|Any CPU
	EndGlobalSection
	GlobalSection(ProjectConfigurationPlatforms) = postSolution
		{0A29EC4F-D237-4465-8421-31AC35C0162D}.Debug|Any CPU.ActiveCfg = Debug|Any CPU
		{0A29EC4F-D237-4465-8421-31AC35C0162D}.Debug|Any CPU.Build.0 = Debug|Any CPU
		{0A29EC4F-D237-4465-8421-31AC35C0162D}.Release|Any CPU.ActiveCfg = Release|Any CPU
		{0A29EC4F-D237-4465-8421-31AC35C0162D}.Release|Any CPU.Build.0 = Release|Any CPU
		{55C0AD98-6E7F-4CCC-9FBC-AE9E3EAB623A}.Debug|Any CPU.ActiveCfg = Debug|Any CPU
		{55C0AD98-6E7F-4CCC-9FBC-AE9E3EAB623A}.Debug|Any CPU.Build.0 = Debug|Any CPU
		{55C0AD98-6E7F-4CCC-9FBC-AE9E3EAB623A}.Release|Any CPU.ActiveCfg = Release|Any CPU
		{55C0AD98-6E7F-4CCC-9FBC-AE9E3EAB623A}.Release|Any CPU.Build.0 = Release|Any CPU
		{E7EDAD1A-7D17-48E4-8309-EB57F1DE2E2F}.Debug|Any CPU.ActiveCfg = Debug|Any CPU
		{E7EDAD1A-7D17-48E4-8309-EB57F1DE2E2F}.Debug|Any CPU.Build.0 = Debug|Any CPU
		{E7EDAD1A-7D17-48E4-8309-EB57F1DE2E2F}.Release|Any CPU.ActiveCfg = Release|Any CPU
		{E7EDAD1A-7D17-48E4-8309-EB57F1DE2E2F}.Release|Any CPU.Build.0 = Release|Any CPU
		{9EBA4144-44FA-4D73-9A59-5B4E06A4A3A2}.Debug|Any CPU.ActiveCfg = Debug|Any CPU
		{9EBA4144-44FA-4D73-9A59-5B4E06A4A3A2}.Debug|Any CPU.Build.0 = Debug|Any CPU
		{9EBA4144-44FA-4D73-9A59-5B4E06A4A3A2}.Release|Any CPU.ActiveCfg = Release|Any CPU
		{9EBA4144-44FA-4D73-9A59-5B4E06A4A3A2}.Release|Any CPU.Build.0 = Release|Any CPU
		{A421DF21-55C7-4339-9CF9-2F2444E4767C}.Debug|Any CPU.ActiveCfg = Debug|Any CPU
		{A421DF21-55C7-4339-9CF9-2F2444E4767C}.Debug|Any CPU.Build.0 = Debug|Any CPU
		{A421DF21-55C7-4339-9CF9-2F2444E4767C}.Release|Any CPU.ActiveCfg = Release|Any CPU
		{A421DF21-55C7-4339-9CF9-2F2444E4767C}.Release|Any CPU.Build.0 = Release|Any CPU
	EndGlobalSection
	GlobalSection(SolutionProperties) = preSolution
		HideSolutionNode = FALSE
	EndGlobalSection
	GlobalSection(ExtensibilityGlobals) = postSolution
		SolutionGuid = {A5CDCDC9-4B6A-4E30-88BE-43F545F34B67}
	EndGlobalSection
EndGlobal
