
Microsoft Visual Studio Solution File, Format Version 12.00
# Visual Studio 15
VisualStudioVersion = 15.0.28306.52
MinimumVisualStudioVersion = 10.0.40219.1
Project("{FAE04EC0-301F-11D3-BF4B-00C04F79EFBC}") = "UdpServer", "UdpServer\UdpServer.csproj", "{0A29EC4F-D237-4465-8421-31AC35C0162D}"
EndProject
Project("{FAE04EC0-301F-11D3-BF4B-00C04F79EFBC}") = "Server", "Server\Server.csproj", "{55C0AD98-6E7F-4CCC-9FBC-AE9E3EAB623A}"
EndProject
Project("{FAE04EC0-301F-11D3-BF4B-00C04F79EFBC}") = "TcpServer", "TcpServer\TcpServer.csproj", "{E7EDAD1A-7D17-48E4-8309-EB57F1DE2E2F}"
EndProject
Global
	GlobalSection(SolutionConfigurationPlatforms) = preSolution
		Debug|Any CPU = Debug|Any CPU
		Release|Any CPU = Release|Any CPU
	EndGlobalSection
	GlobalSection(ProjectConfigurationPlatforms) = postSolution
		{0A29EC4F-D237-4465-8421-31AC35C0162D}.Debug|Any CPU.ActiveCfg = Debug|Any CPU
		{0A29EC4F-D237-4465-8421-31AC35C0162D}.Debug|Any CPU.Build.0 = Debug|Any CPU
		{0A29EC4F-D237-4465-8421-31AC35C0162D}.Release|Any CPU.ActiveCfg = Release|Any CPU
		{0A29EC4F-D237-4465-8421-31AC35C0162D}.Release|Any CPU.Build.0 = Release|Any CPU
		{55C0AD98-6E7F-4CCC-9FBC-AE9E3EAB623A}.Debug|Any CPU.ActiveCfg = Debug|Any CPU
		{55C0AD98-6E7F-4CCC-9FBC-AE9E3EAB623A}.Debug|Any CPU.Build.0 = Debug|Any CPU
		{55C0AD98-6E7F-4CCC-9FBC-AE9E3EAB623A}.Release|Any CPU.ActiveCfg = Release|Any CPU
		{55C0AD98-6E7F-4CCC-9FBC-AE9E3EAB623A}.Release|Any CPU.Build.0 = Release|Any CPU
		{E7EDAD1A-7D17-48E4-8309-EB57F1DE2E2F}.Debug|Any CPU.ActiveCfg = Debug|Any CPU
		{E7EDAD1A-7D17-48E4-8309-EB57F1DE2E2F}.Debug|Any CPU.Build.0 = Debug|Any CPU
		{E7EDAD1A-7D17-48E4-8309-EB57F1DE2E2F}.Release|Any CPU.ActiveCfg = Release|Any CPU
		{E7EDAD1A-7D17-48E4-8309-EB57F1DE2E2F}.Release|Any CPU.Build.0 = Release|Any CPU
	EndGlobalSection
	GlobalSection(SolutionProperties) = preSolution
		HideSolutionNode = FALSE
	EndGlobalSection
	GlobalSection(ExtensibilityGlobals) = postSolution
		SolutionGuid = {A5CDCDC9-4B6A-4E30-88BE-43F545F34B67}
	EndGlobalSection
EndGlobal
